
Microsoft Visual Studio Solution File, Format Version 12.00
# Visual Studio Version 17
VisualStudioVersion = 17.8.34316.72
MinimumVisualStudioVersion = 10.0.40219.1
Project("{2150E333-8FDC-42A3-9474-1A3956D46DE8}") = "Services", "Services", "{D87F4CD2-AD55-4BDE-8B23-988B1D5E6188}"
EndProject
Project("{2150E333-8FDC-42A3-9474-1A3956D46DE8}") = "Catalog", "Catalog", "{7B847C2A-7DB2-4866-B3FD-6E92781BEA29}"
EndProject
Project("{9A19103F-16F7-4668-BE54-9A1E7A4F7556}") = "Catalog.API", "Services\Catalog\Catalog.API\Catalog.API.csproj", "{5EC7E8BE-9C82-472F-8746-1BC90DABFD58}"
EndProject
Project("{E53339B2-1760-4266-BCC7-CA923CBCF16C}") = "docker-compose", "docker-compose.dcproj", "{133662C5-3F66-4981-8D1C-FF5EF389C262}"
EndProject
Project("{2150E333-8FDC-42A3-9474-1A3956D46DE8}") = "Basket", "Basket", "{92241486-CDBD-40B5-9294-20A3C3F77DE6}"
EndProject
Project("{9A19103F-16F7-4668-BE54-9A1E7A4F7556}") = "Basket.API", "Services\Basket\Basket.API\Basket.API.csproj", "{A55B01C1-C119-49EC-AB7A-4745D8EC3E73}"
EndProject
Project("{2150E333-8FDC-42A3-9474-1A3956D46DE8}") = "Discount", "Discount", "{A08D318F-32DA-4CA6-8A68-F38813F6ACE6}"
EndProject
Project("{9A19103F-16F7-4668-BE54-9A1E7A4F7556}") = "Discount.API", "Services\Discount\Discount.API\Discount.API.csproj", "{E05B46A8-2B8C-448E-B517-914F86C8EE08}"
EndProject
Project("{9A19103F-16F7-4668-BE54-9A1E7A4F7556}") = "Discount.Grpc", "Services\Discount\Discount.Grpc\Discount.Grpc.csproj", "{4D99C227-B05F-4F17-B17B-4B420BB64636}"
EndProject
Project("{2150E333-8FDC-42A3-9474-1A3956D46DE8}") = "Ordering", "Ordering", "{3DD32E67-8D06-43E0-94FA-6CAD4280AF35}"
EndProject
Project("{FAE04EC0-301F-11D3-BF4B-00C04F79EFBC}") = "Ordering.API", "Services\Ordering\Ordering.API\Ordering.API.csproj", "{DFD8B168-F5FB-4E11-9404-263BFAEC5493}"
EndProject
Project("{FAE04EC0-301F-11D3-BF4B-00C04F79EFBC}") = "Ordering.Domain", "Services\Ordering\Ordering.Domain\Ordering.Domain.csproj", "{07EAFAEC-3E2C-4364-BBDE-C804129BA971}"
EndProject
Project("{FAE04EC0-301F-11D3-BF4B-00C04F79EFBC}") = "Ordering.Application", "Services\Ordering\Ordering.Application\Ordering.Application.csproj", "{33382DEC-88D3-4548-A13F-C82B01044CA5}"
EndProject
Project("{FAE04EC0-301F-11D3-BF4B-00C04F79EFBC}") = "Ordering.Infrastructure", "Services\Ordering\Ordering.Infrastructure\Ordering.Infrastructure.csproj", "{9B6A1678-0042-4DA6-ADEC-65FBC01071CA}"
EndProject
Global
	GlobalSection(SolutionConfigurationPlatforms) = preSolution
		Debug|Any CPU = Debug|Any CPU
		Release|Any CPU = Release|Any CPU
	EndGlobalSection
	GlobalSection(ProjectConfigurationPlatforms) = postSolution
		{5EC7E8BE-9C82-472F-8746-1BC90DABFD58}.Debug|Any CPU.ActiveCfg = Debug|Any CPU
		{5EC7E8BE-9C82-472F-8746-1BC90DABFD58}.Debug|Any CPU.Build.0 = Debug|Any CPU
		{5EC7E8BE-9C82-472F-8746-1BC90DABFD58}.Release|Any CPU.ActiveCfg = Release|Any CPU
		{5EC7E8BE-9C82-472F-8746-1BC90DABFD58}.Release|Any CPU.Build.0 = Release|Any CPU
		{133662C5-3F66-4981-8D1C-FF5EF389C262}.Debug|Any CPU.ActiveCfg = Debug|Any CPU
		{133662C5-3F66-4981-8D1C-FF5EF389C262}.Debug|Any CPU.Build.0 = Debug|Any CPU
		{133662C5-3F66-4981-8D1C-FF5EF389C262}.Release|Any CPU.ActiveCfg = Release|Any CPU
		{133662C5-3F66-4981-8D1C-FF5EF389C262}.Release|Any CPU.Build.0 = Release|Any CPU
		{A55B01C1-C119-49EC-AB7A-4745D8EC3E73}.Debug|Any CPU.ActiveCfg = Debug|Any CPU
		{A55B01C1-C119-49EC-AB7A-4745D8EC3E73}.Debug|Any CPU.Build.0 = Debug|Any CPU
		{A55B01C1-C119-49EC-AB7A-4745D8EC3E73}.Release|Any CPU.ActiveCfg = Release|Any CPU
		{A55B01C1-C119-49EC-AB7A-4745D8EC3E73}.Release|Any CPU.Build.0 = Release|Any CPU
		{E05B46A8-2B8C-448E-B517-914F86C8EE08}.Debug|Any CPU.ActiveCfg = Debug|Any CPU
		{E05B46A8-2B8C-448E-B517-914F86C8EE08}.Debug|Any CPU.Build.0 = Debug|Any CPU
		{E05B46A8-2B8C-448E-B517-914F86C8EE08}.Release|Any CPU.ActiveCfg = Release|Any CPU
		{E05B46A8-2B8C-448E-B517-914F86C8EE08}.Release|Any CPU.Build.0 = Release|Any CPU
		{4D99C227-B05F-4F17-B17B-4B420BB64636}.Debug|Any CPU.ActiveCfg = Debug|Any CPU
		{4D99C227-B05F-4F17-B17B-4B420BB64636}.Debug|Any CPU.Build.0 = Debug|Any CPU
		{4D99C227-B05F-4F17-B17B-4B420BB64636}.Release|Any CPU.ActiveCfg = Release|Any CPU
		{4D99C227-B05F-4F17-B17B-4B420BB64636}.Release|Any CPU.Build.0 = Release|Any CPU
		{DFD8B168-F5FB-4E11-9404-263BFAEC5493}.Debug|Any CPU.ActiveCfg = Debug|Any CPU
		{DFD8B168-F5FB-4E11-9404-263BFAEC5493}.Debug|Any CPU.Build.0 = Debug|Any CPU
		{DFD8B168-F5FB-4E11-9404-263BFAEC5493}.Release|Any CPU.ActiveCfg = Release|Any CPU
		{DFD8B168-F5FB-4E11-9404-263BFAEC5493}.Release|Any CPU.Build.0 = Release|Any CPU
		{07EAFAEC-3E2C-4364-BBDE-C804129BA971}.Debug|Any CPU.ActiveCfg = Debug|Any CPU
		{07EAFAEC-3E2C-4364-BBDE-C804129BA971}.Debug|Any CPU.Build.0 = Debug|Any CPU
		{07EAFAEC-3E2C-4364-BBDE-C804129BA971}.Release|Any CPU.ActiveCfg = Release|Any CPU
		{07EAFAEC-3E2C-4364-BBDE-C804129BA971}.Release|Any CPU.Build.0 = Release|Any CPU
		{33382DEC-88D3-4548-A13F-C82B01044CA5}.Debug|Any CPU.ActiveCfg = Debug|Any CPU
		{33382DEC-88D3-4548-A13F-C82B01044CA5}.Debug|Any CPU.Build.0 = Debug|Any CPU
		{33382DEC-88D3-4548-A13F-C82B01044CA5}.Release|Any CPU.ActiveCfg = Release|Any CPU
		{33382DEC-88D3-4548-A13F-C82B01044CA5}.Release|Any CPU.Build.0 = Release|Any CPU
		{9B6A1678-0042-4DA6-ADEC-65FBC01071CA}.Debug|Any CPU.ActiveCfg = Debug|Any CPU
		{9B6A1678-0042-4DA6-ADEC-65FBC01071CA}.Debug|Any CPU.Build.0 = Debug|Any CPU
		{9B6A1678-0042-4DA6-ADEC-65FBC01071CA}.Release|Any CPU.ActiveCfg = Release|Any CPU
		{9B6A1678-0042-4DA6-ADEC-65FBC01071CA}.Release|Any CPU.Build.0 = Release|Any CPU
	EndGlobalSection
	GlobalSection(SolutionProperties) = preSolution
		HideSolutionNode = FALSE
	EndGlobalSection
	GlobalSection(NestedProjects) = preSolution
		{7B847C2A-7DB2-4866-B3FD-6E92781BEA29} = {D87F4CD2-AD55-4BDE-8B23-988B1D5E6188}
		{5EC7E8BE-9C82-472F-8746-1BC90DABFD58} = {7B847C2A-7DB2-4866-B3FD-6E92781BEA29}
		{92241486-CDBD-40B5-9294-20A3C3F77DE6} = {D87F4CD2-AD55-4BDE-8B23-988B1D5E6188}
		{A55B01C1-C119-49EC-AB7A-4745D8EC3E73} = {92241486-CDBD-40B5-9294-20A3C3F77DE6}
		{A08D318F-32DA-4CA6-8A68-F38813F6ACE6} = {D87F4CD2-AD55-4BDE-8B23-988B1D5E6188}
		{E05B46A8-2B8C-448E-B517-914F86C8EE08} = {A08D318F-32DA-4CA6-8A68-F38813F6ACE6}
		{4D99C227-B05F-4F17-B17B-4B420BB64636} = {A08D318F-32DA-4CA6-8A68-F38813F6ACE6}
		{3DD32E67-8D06-43E0-94FA-6CAD4280AF35} = {D87F4CD2-AD55-4BDE-8B23-988B1D5E6188}
		{DFD8B168-F5FB-4E11-9404-263BFAEC5493} = {3DD32E67-8D06-43E0-94FA-6CAD4280AF35}
		{07EAFAEC-3E2C-4364-BBDE-C804129BA971} = {3DD32E67-8D06-43E0-94FA-6CAD4280AF35}
		{33382DEC-88D3-4548-A13F-C82B01044CA5} = {3DD32E67-8D06-43E0-94FA-6CAD4280AF35}
		{9B6A1678-0042-4DA6-ADEC-65FBC01071CA} = {3DD32E67-8D06-43E0-94FA-6CAD4280AF35}
	EndGlobalSection
	GlobalSection(ExtensibilityGlobals) = postSolution
		SolutionGuid = {344CBC3F-496D-4EB7-91C6-97B11E83C6F1}
	EndGlobalSection
EndGlobal
